// !$*UTF8*$!
{
	archiveVersion = 1;
	classes = {
	};
	objectVersion = 46;
	objects = {

/* Begin PBXBuildFile section */
		29BD24B81C79B74500C51F72 /* main.m in Sources */ = {isa = PBXBuildFile; fileRef = 29BD24B71C79B74500C51F72 /* main.m */; };
		29BD24BB1C79B74500C51F72 /* AppDelegate.m in Sources */ = {isa = PBXBuildFile; fileRef = 29BD24BA1C79B74500C51F72 /* AppDelegate.m */; };
		29BD24BE1C79B74500C51F72 /* ViewController.m in Sources */ = {isa = PBXBuildFile; fileRef = 29BD24BD1C79B74500C51F72 /* ViewController.m */; };
		29BD24C11C79B74500C51F72 /* Main.storyboard in Resources */ = {isa = PBXBuildFile; fileRef = 29BD24BF1C79B74500C51F72 /* Main.storyboard */; };
		29BD24C41C79B74500C51F72 /* QRCode.xcdatamodeld in Sources */ = {isa = PBXBuildFile; fileRef = 29BD24C21C79B74500C51F72 /* QRCode.xcdatamodeld */; };
		29BD24C61C79B74500C51F72 /* Assets.xcassets in Resources */ = {isa = PBXBuildFile; fileRef = 29BD24C51C79B74500C51F72 /* Assets.xcassets */; };
		29BD24C91C79B74500C51F72 /* LaunchScreen.storyboard in Resources */ = {isa = PBXBuildFile; fileRef = 29BD24C71C79B74500C51F72 /* LaunchScreen.storyboard */; };
		29BD24D41C79B74600C51F72 /* QRCodeTests.m in Sources */ = {isa = PBXBuildFile; fileRef = 29BD24D31C79B74600C51F72 /* QRCodeTests.m */; };
		29BD24DF1C79B74600C51F72 /* QRCodeUITests.m in Sources */ = {isa = PBXBuildFile; fileRef = 29BD24DE1C79B74600C51F72 /* QRCodeUITests.m */; };
		29BD24EE1C79BC6000C51F72 /* UIImage+QRCode.m in Sources */ = {isa = PBXBuildFile; fileRef = 29BD24ED1C79BC6000C51F72 /* UIImage+QRCode.m */; };
		29BD24F21C79C26A00C51F72 /* ScaningViewController.m in Sources */ = {isa = PBXBuildFile; fileRef = 29BD24F01C79C26A00C51F72 /* ScaningViewController.m */; };
		29BD24F51C79CE7900C51F72 /* ScaningViewController.xib in Resources */ = {isa = PBXBuildFile; fileRef = 29BD24F41C79CE7900C51F72 /* ScaningViewController.xib */; };
/* End PBXBuildFile section */

/* Begin PBXContainerItemProxy section */
		29BD24D01C79B74600C51F72 /* PBXContainerItemProxy */ = {
			isa = PBXContainerItemProxy;
			containerPortal = 29BD24AB1C79B74500C51F72 /* Project object */;
			proxyType = 1;
			remoteGlobalIDString = 29BD24B21C79B74500C51F72;
			remoteInfo = QRCode;
		};
		29BD24DB1C79B74600C51F72 /* PBXContainerItemProxy */ = {
			isa = PBXContainerItemProxy;
			containerPortal = 29BD24AB1C79B74500C51F72 /* Project object */;
			proxyType = 1;
			remoteGlobalIDString = 29BD24B21C79B74500C51F72;
			remoteInfo = QRCode;
		};
/* End PBXContainerItemProxy section */

/* Begin PBXFileReference section */
		29BD24B31C79B74500C51F72 /* QRCode.app */ = {isa = PBXFileReference; explicitFileType = wrapper.application; includeInIndex = 0; path = QRCode.app; sourceTree = BUILT_PRODUCTS_DIR; };
		29BD24B71C79B74500C51F72 /* main.m */ = {isa = PBXFileReference; lastKnownFileType = sourcecode.c.objc; path = main.m; sourceTree = "<group>"; };
		29BD24B91C79B74500C51F72 /* AppDelegate.h */ = {isa = PBXFileReference; lastKnownFileType = sourcecode.c.h; path = AppDelegate.h; sourceTree = "<group>"; };
		29BD24BA1C79B74500C51F72 /* AppDelegate.m */ = {isa = PBXFileReference; lastKnownFileType = sourcecode.c.objc; path = AppDelegate.m; sourceTree = "<group>"; };
		29BD24BC1C79B74500C51F72 /* ViewController.h */ = {isa = PBXFileReference; lastKnownFileType = sourcecode.c.h; path = ViewController.h; sourceTree = "<group>"; };
		29BD24BD1C79B74500C51F72 /* ViewController.m */ = {isa = PBXFileReference; lastKnownFileType = sourcecode.c.objc; path = ViewController.m; sourceTree = "<group>"; };
		29BD24C01C79B74500C51F72 /* Base */ = {isa = PBXFileReference; lastKnownFileType = file.storyboard; name = Base; path = Base.lproj/Main.storyboard; sourceTree = "<group>"; };
		29BD24C31C79B74500C51F72 /* QRCode.xcdatamodel */ = {isa = PBXFileReference; lastKnownFileType = wrapper.xcdatamodel; path = QRCode.xcdatamodel; sourceTree = "<group>"; };
		29BD24C51C79B74500C51F72 /* Assets.xcassets */ = {isa = PBXFileReference; lastKnownFileType = folder.assetcatalog; path = Assets.xcassets; sourceTree = "<group>"; };
		29BD24C81C79B74500C51F72 /* Base */ = {isa = PBXFileReference; lastKnownFileType = file.storyboard; name = Base; path = Base.lproj/LaunchScreen.storyboard; sourceTree = "<group>"; };
		29BD24CA1C79B74600C51F72 /* Info.plist */ = {isa = PBXFileReference; lastKnownFileType = text.plist.xml; path = Info.plist; sourceTree = "<group>"; };
		29BD24CF1C79B74600C51F72 /* QRCodeTests.xctest */ = {isa = PBXFileReference; explicitFileType = wrapper.cfbundle; includeInIndex = 0; path = QRCodeTests.xctest; sourceTree = BUILT_PRODUCTS_DIR; };
		29BD24D31C79B74600C51F72 /* QRCodeTests.m */ = {isa = PBXFileReference; lastKnownFileType = sourcecode.c.objc; path = QRCodeTests.m; sourceTree = "<group>"; };
		29BD24D51C79B74600C51F72 /* Info.plist */ = {isa = PBXFileReference; lastKnownFileType = text.plist.xml; path = Info.plist; sourceTree = "<group>"; };
		29BD24DA1C79B74600C51F72 /* QRCodeUITests.xctest */ = {isa = PBXFileReference; explicitFileType = wrapper.cfbundle; includeInIndex = 0; path = QRCodeUITests.xctest; sourceTree = BUILT_PRODUCTS_DIR; };
		29BD24DE1C79B74600C51F72 /* QRCodeUITests.m */ = {isa = PBXFileReference; lastKnownFileType = sourcecode.c.objc; path = QRCodeUITests.m; sourceTree = "<group>"; };
		29BD24E01C79B74600C51F72 /* Info.plist */ = {isa = PBXFileReference; lastKnownFileType = text.plist.xml; path = Info.plist; sourceTree = "<group>"; };
		29BD24EC1C79BC6000C51F72 /* UIImage+QRCode.h */ = {isa = PBXFileReference; fileEncoding = 4; lastKnownFileType = sourcecode.c.h; path = "UIImage+QRCode.h"; sourceTree = "<group>"; };
		29BD24ED1C79BC6000C51F72 /* UIImage+QRCode.m */ = {isa = PBXFileReference; fileEncoding = 4; lastKnownFileType = sourcecode.c.objc; path = "UIImage+QRCode.m"; sourceTree = "<group>"; };
		29BD24EF1C79C26A00C51F72 /* ScaningViewController.h */ = {isa = PBXFileReference; fileEncoding = 4; lastKnownFileType = sourcecode.c.h; path = ScaningViewController.h; sourceTree = "<group>"; };
		29BD24F01C79C26A00C51F72 /* ScaningViewController.m */ = {isa = PBXFileReference; fileEncoding = 4; lastKnownFileType = sourcecode.c.objc; path = ScaningViewController.m; sourceTree = "<group>"; };
		29BD24F41C79CE7900C51F72 /* ScaningViewController.xib */ = {isa = PBXFileReference; fileEncoding = 4; lastKnownFileType = file.xib; path = ScaningViewController.xib; sourceTree = "<group>"; };
/* End PBXFileReference section */

/* Begin PBXFrameworksBuildPhase section */
		29BD24B01C79B74500C51F72 /* Frameworks */ = {
			isa = PBXFrameworksBuildPhase;
			buildActionMask = 2147483647;
			files = (
			);
			runOnlyForDeploymentPostprocessing = 0;
		};
		29BD24CC1C79B74600C51F72 /* Frameworks */ = {
			isa = PBXFrameworksBuildPhase;
			buildActionMask = 2147483647;
			files = (
			);
			runOnlyForDeploymentPostprocessing = 0;
		};
		29BD24D71C79B74600C51F72 /* Frameworks */ = {
			isa = PBXFrameworksBuildPhase;
			buildActionMask = 2147483647;
			files = (
			);
			runOnlyForDeploymentPostprocessing = 0;
		};
/* End PBXFrameworksBuildPhase section */

/* Begin PBXGroup section */
		29BD24AA1C79B74500C51F72 = {
			isa = PBXGroup;
			children = (
				29BD24B51C79B74500C51F72 /* QRCode */,
				29BD24D21C79B74600C51F72 /* QRCodeTests */,
				29BD24DD1C79B74600C51F72 /* QRCodeUITests */,
				29BD24B41C79B74500C51F72 /* Products */,
			);
			sourceTree = "<group>";
		};
		29BD24B41C79B74500C51F72 /* Products */ = {
			isa = PBXGroup;
			children = (
				29BD24B31C79B74500C51F72 /* QRCode.app */,
				29BD24CF1C79B74600C51F72 /* QRCodeTests.xctest */,
				29BD24DA1C79B74600C51F72 /* QRCodeUITests.xctest */,
			);
			name = Products;
			sourceTree = "<group>";
		};
		29BD24B51C79B74500C51F72 /* QRCode */ = {
			isa = PBXGroup;
			children = (
				29BD24B91C79B74500C51F72 /* AppDelegate.h */,
				29BD24BA1C79B74500C51F72 /* AppDelegate.m */,
				29BD24BC1C79B74500C51F72 /* ViewController.h */,
				29BD24BD1C79B74500C51F72 /* ViewController.m */,
				29BD24EF1C79C26A00C51F72 /* ScaningViewController.h */,
				29BD24F01C79C26A00C51F72 /* ScaningViewController.m */,
				29BD24F41C79CE7900C51F72 /* ScaningViewController.xib */,
				29BD24EC1C79BC6000C51F72 /* UIImage+QRCode.h */,
				29BD24ED1C79BC6000C51F72 /* UIImage+QRCode.m */,
				29BD24BF1C79B74500C51F72 /* Main.storyboard */,
				29BD24C51C79B74500C51F72 /* Assets.xcassets */,
				29BD24C71C79B74500C51F72 /* LaunchScreen.storyboard */,
				29BD24CA1C79B74600C51F72 /* Info.plist */,
				29BD24C21C79B74500C51F72 /* QRCode.xcdatamodeld */,
				29BD24B61C79B74500C51F72 /* Supporting Files */,
			);
			path = QRCode;
			sourceTree = "<group>";
		};
		29BD24B61C79B74500C51F72 /* Supporting Files */ = {
			isa = PBXGroup;
			children = (
				29BD24B71C79B74500C51F72 /* main.m */,
			);
			name = "Supporting Files";
			sourceTree = "<group>";
		};
		29BD24D21C79B74600C51F72 /* QRCodeTests */ = {
			isa = PBXGroup;
			children = (
				29BD24D31C79B74600C51F72 /* QRCodeTests.m */,
				29BD24D51C79B74600C51F72 /* Info.plist */,
			);
			path = QRCodeTests;
			sourceTree = "<group>";
		};
		29BD24DD1C79B74600C51F72 /* QRCodeUITests */ = {
			isa = PBXGroup;
			children = (
				29BD24DE1C79B74600C51F72 /* QRCodeUITests.m */,
				29BD24E01C79B74600C51F72 /* Info.plist */,
			);
			path = QRCodeUITests;
			sourceTree = "<group>";
		};
/* End PBXGroup section */

/* Begin PBXNativeTarget section */
		29BD24B21C79B74500C51F72 /* QRCode */ = {
			isa = PBXNativeTarget;
			buildConfigurationList = 29BD24E31C79B74600C51F72 /* Build configuration list for PBXNativeTarget "QRCode" */;
			buildPhases = (
				29BD24AF1C79B74500C51F72 /* Sources */,
				29BD24B01C79B74500C51F72 /* Frameworks */,
				29BD24B11C79B74500C51F72 /* Resources */,
			);
			buildRules = (
			);
			dependencies = (
			);
			name = QRCode;
			productName = QRCode;
			productReference = 29BD24B31C79B74500C51F72 /* QRCode.app */;
			productType = "com.apple.product-type.application";
		};
		29BD24CE1C79B74600C51F72 /* QRCodeTests */ = {
			isa = PBXNativeTarget;
			buildConfigurationList = 29BD24E61C79B74600C51F72 /* Build configuration list for PBXNativeTarget "QRCodeTests" */;
			buildPhases = (
				29BD24CB1C79B74600C51F72 /* Sources */,
				29BD24CC1C79B74600C51F72 /* Frameworks */,
				29BD24CD1C79B74600C51F72 /* Resources */,
			);
			buildRules = (
			);
			dependencies = (
				29BD24D11C79B74600C51F72 /* PBXTargetDependency */,
			);
			name = QRCodeTests;
			productName = QRCodeTests;
			productReference = 29BD24CF1C79B74600C51F72 /* QRCodeTests.xctest */;
			productType = "com.apple.product-type.bundle.unit-test";
		};
		29BD24D91C79B74600C51F72 /* QRCodeUITests */ = {
			isa = PBXNativeTarget;
			buildConfigurationList = 29BD24E91C79B74600C51F72 /* Build configuration list for PBXNativeTarget "QRCodeUITests" */;
			buildPhases = (
				29BD24D61C79B74600C51F72 /* Sources */,
				29BD24D71C79B74600C51F72 /* Frameworks */,
				29BD24D81C79B74600C51F72 /* Resources */,
			);
			buildRules = (
			);
			dependencies = (
				29BD24DC1C79B74600C51F72 /* PBXTargetDependency */,
			);
			name = QRCodeUITests;
			productName = QRCodeUITests;
			productReference = 29BD24DA1C79B74600C51F72 /* QRCodeUITests.xctest */;
			productType = "com.apple.product-type.bundle.ui-testing";
		};
/* End PBXNativeTarget section */

/* Begin PBXProject section */
		29BD24AB1C79B74500C51F72 /* Project object */ = {
			isa = PBXProject;
			attributes = {
				LastUpgradeCheck = 0720;
				ORGANIZATIONNAME = "余亮";
				TargetAttributes = {
					29BD24B21C79B74500C51F72 = {
						CreatedOnToolsVersion = 7.2.1;
					};
					29BD24CE1C79B74600C51F72 = {
						CreatedOnToolsVersion = 7.2.1;
						TestTargetID = 29BD24B21C79B74500C51F72;
					};
					29BD24D91C79B74600C51F72 = {
						CreatedOnToolsVersion = 7.2.1;
						TestTargetID = 29BD24B21C79B74500C51F72;
					};
				};
			};
			buildConfigurationList = 29BD24AE1C79B74500C51F72 /* Build configuration list for PBXProject "QRCode" */;
			compatibilityVersion = "Xcode 3.2";
			developmentRegion = English;
			hasScannedForEncodings = 0;
			knownRegions = (
				en,
				Base,
			);
			mainGroup = 29BD24AA1C79B74500C51F72;
			productRefGroup = 29BD24B41C79B74500C51F72 /* Products */;
			projectDirPath = "";
			projectRoot = "";
			targets = (
				29BD24B21C79B74500C51F72 /* QRCode */,
				29BD24CE1C79B74600C51F72 /* QRCodeTests */,
				29BD24D91C79B74600C51F72 /* QRCodeUITests */,
			);
		};
/* End PBXProject section */

/* Begin PBXResourcesBuildPhase section */
		29BD24B11C79B74500C51F72 /* Resources */ = {
			isa = PBXResourcesBuildPhase;
			buildActionMask = 2147483647;
			files = (
				29BD24F51C79CE7900C51F72 /* ScaningViewController.xib in Resources */,
				29BD24C91C79B74500C51F72 /* LaunchScreen.storyboard in Resources */,
				29BD24C61C79B74500C51F72 /* Assets.xcassets in Resources */,
				29BD24C11C79B74500C51F72 /* Main.storyboard in Resources */,
			);
			runOnlyForDeploymentPostprocessing = 0;
		};
		29BD24CD1C79B74600C51F72 /* Resources */ = {
			isa = PBXResourcesBuildPhase;
			buildActionMask = 2147483647;
			files = (
			);
			runOnlyForDeploymentPostprocessing = 0;
		};
		29BD24D81C79B74600C51F72 /* Resources */ = {
			isa = PBXResourcesBuildPhase;
			buildActionMask = 2147483647;
			files = (
			);
			runOnlyForDeploymentPostprocessing = 0;
		};
/* End PBXResourcesBuildPhase section */

/* Begin PBXSourcesBuildPhase section */
		29BD24AF1C79B74500C51F72 /* Sources */ = {
			isa = PBXSourcesBuildPhase;
			buildActionMask = 2147483647;
			files = (
				29BD24BE1C79B74500C51F72 /* ViewController.m in Sources */,
				29BD24C41C79B74500C51F72 /* QRCode.xcdatamodeld in Sources */,
				29BD24F21C79C26A00C51F72 /* ScaningViewController.m in Sources */,
				29BD24EE1C79BC6000C51F72 /* UIImage+QRCode.m in Sources */,
				29BD24BB1C79B74500C51F72 /* AppDelegate.m in Sources */,
				29BD24B81C79B74500C51F72 /* main.m in Sources */,
			);
			runOnlyForDeploymentPostprocessing = 0;
		};
		29BD24CB1C79B74600C51F72 /* Sources */ = {
			isa = PBXSourcesBuildPhase;
			buildActionMask = 2147483647;
			files = (
				29BD24D41C79B74600C51F72 /* QRCodeTests.m in Sources */,
			);
			runOnlyForDeploymentPostprocessing = 0;
		};
		29BD24D61C79B74600C51F72 /* Sources */ = {
			isa = PBXSourcesBuildPhase;
			buildActionMask = 2147483647;
			files = (
				29BD24DF1C79B74600C51F72 /* QRCodeUITests.m in Sources */,
			);
			runOnlyForDeploymentPostprocessing = 0;
		};
/* End PBXSourcesBuildPhase section */

/* Begin PBXTargetDependency section */
		29BD24D11C79B74600C51F72 /* PBXTargetDependency */ = {
			isa = PBXTargetDependency;
			target = 29BD24B21C79B74500C51F72 /* QRCode */;
			targetProxy = 29BD24D01C79B74600C51F72 /* PBXContainerItemProxy */;
		};
		29BD24DC1C79B74600C51F72 /* PBXTargetDependency */ = {
			isa = PBXTargetDependency;
			target = 29BD24B21C79B74500C51F72 /* QRCode */;
			targetProxy = 29BD24DB1C79B74600C51F72 /* PBXContainerItemProxy */;
		};
/* End PBXTargetDependency section */

/* Begin PBXVariantGroup section */
		29BD24BF1C79B74500C51F72 /* Main.storyboard */ = {
			isa = PBXVariantGroup;
			children = (
				29BD24C01C79B74500C51F72 /* Base */,
			);
			name = Main.storyboard;
			sourceTree = "<group>";
		};
		29BD24C71C79B74500C51F72 /* LaunchScreen.storyboard */ = {
			isa = PBXVariantGroup;
			children = (
				29BD24C81C79B74500C51F72 /* Base */,
			);
			name = LaunchScreen.storyboard;
			sourceTree = "<group>";
		};
/* End PBXVariantGroup section */

/* Begin XCBuildConfiguration section */
		29BD24E11C79B74600C51F72 /* Debug */ = {
			isa = XCBuildConfiguration;
			buildSettings = {
				ALWAYS_SEARCH_USER_PATHS = NO;
				CLANG_CXX_LANGUAGE_STANDARD = "gnu++0x";
				CLANG_CXX_LIBRARY = "libc++";
				CLANG_ENABLE_MODULES = YES;
				CLANG_ENABLE_OBJC_ARC = YES;
				CLANG_WARN_BOOL_CONVERSION = YES;
				CLANG_WARN_CONSTANT_CONVERSION = YES;
				CLANG_WARN_DIRECT_OBJC_ISA_USAGE = YES_ERROR;
				CLANG_WARN_EMPTY_BODY = YES;
				CLANG_WARN_ENUM_CONVERSION = YES;
				CLANG_WARN_INT_CONVERSION = YES;
				CLANG_WARN_OBJC_ROOT_CLASS = YES_ERROR;
				CLANG_WARN_UNREACHABLE_CODE = YES;
				CLANG_WARN__DUPLICATE_METHOD_MATCH = YES;
				"CODE_SIGN_IDENTITY[sdk=iphoneos*]" = "iPhone Developer";
				COPY_PHASE_STRIP = NO;
				DEBUG_INFORMATION_FORMAT = dwarf;
				ENABLE_STRICT_OBJC_MSGSEND = YES;
				ENABLE_TESTABILITY = YES;
				GCC_C_LANGUAGE_STANDARD = gnu99;
				GCC_DYNAMIC_NO_PIC = NO;
				GCC_NO_COMMON_BLOCKS = YES;
				GCC_OPTIMIZATION_LEVEL = 0;
				GCC_PREPROCESSOR_DEFINITIONS = (
					"DEBUG=1",
					"$(inherited)",
				);
				GCC_WARN_64_TO_32_BIT_CONVERSION = YES;
				GCC_WARN_ABOUT_RETURN_TYPE = YES_ERROR;
				GCC_WARN_UNDECLARED_SELECTOR = YES;
				GCC_WARN_UNINITIALIZED_AUTOS = YES_AGGRESSIVE;
				GCC_WARN_UNUSED_FUNCTION = YES;
				GCC_WARN_UNUSED_VARIABLE = YES;
				IPHONEOS_DEPLOYMENT_TARGET = 9.2;
				MTL_ENABLE_DEBUG_INFO = YES;
				ONLY_ACTIVE_ARCH = YES;
				SDKROOT = iphoneos;
			};
			name = Debug;
		};
		29BD24E21C79B74600C51F72 /* Release */ = {
			isa = XCBuildConfiguration;
			buildSettings = {
				ALWAYS_SEARCH_USER_PATHS = NO;
				CLANG_CXX_LANGUAGE_STANDARD = "gnu++0x";
				CLANG_CXX_LIBRARY = "libc++";
				CLANG_ENABLE_MODULES = YES;
				CLANG_ENABLE_OBJC_ARC = YES;
				CLANG_WARN_BOOL_CONVERSION = YES;
				CLANG_WARN_CONSTANT_CONVERSION = YES;
				CLANG_WARN_DIRECT_OBJC_ISA_USAGE = YES_ERROR;
				CLANG_WARN_EMPTY_BODY = YES;
				CLANG_WARN_ENUM_CONVERSION = YES;
				CLANG_WARN_INT_CONVERSION = YES;
				CLANG_WARN_OBJC_ROOT_CLASS = YES_ERROR;
				CLANG_WARN_UNREACHABLE_CODE = YES;
				CLANG_WARN__DUPLICATE_METHOD_MATCH = YES;
				"CODE_SIGN_IDENTITY[sdk=iphoneos*]" = "iPhone Developer";
				COPY_PHASE_STRIP = NO;
				DEBUG_INFORMATION_FORMAT = "dwarf-with-dsym";
				ENABLE_NS_ASSERTIONS = NO;
				ENABLE_STRICT_OBJC_MSGSEND = YES;
				GCC_C_LANGUAGE_STANDARD = gnu99;
				GCC_NO_COMMON_BLOCKS = YES;
				GCC_WARN_64_TO_32_BIT_CONVERSION = YES;
				GCC_WARN_ABOUT_RETURN_TYPE = YES_ERROR;
				GCC_WARN_UNDECLARED_SELECTOR = YES;
				GCC_WARN_UNINITIALIZED_AUTOS = YES_AGGRESSIVE;
				GCC_WARN_UNUSED_FUNCTION = YES;
				GCC_WARN_UNUSED_VARIABLE = YES;
				IPHONEOS_DEPLOYMENT_TARGET = 9.2;
				MTL_ENABLE_DEBUG_INFO = NO;
				SDKROOT = iphoneos;
				VALIDATE_PRODUCT = YES;
			};
			name = Release;
		};
		29BD24E41C79B74600C51F72 /* Debug */ = {
			isa = XCBuildConfiguration;
			buildSettings = {
				ASSETCATALOG_COMPILER_APPICON_NAME = AppIcon;
				INFOPLIST_FILE = QRCode/Info.plist;
				LD_RUNPATH_SEARCH_PATHS = "$(inherited) @executable_path/Frameworks";
				PRODUCT_BUNDLE_IDENTIFIER = com.520it.QRCode;
				PRODUCT_NAME = "$(TARGET_NAME)";
			};
			name = Debug;
		};
		29BD24E51C79B74600C51F72 /* Release */ = {
			isa = XCBuildConfiguration;
			buildSettings = {
				ASSETCATALOG_COMPILER_APPICON_NAME = AppIcon;
				INFOPLIST_FILE = QRCode/Info.plist;
				LD_RUNPATH_SEARCH_PATHS = "$(inherited) @executable_path/Frameworks";
				PRODUCT_BUNDLE_IDENTIFIER = com.520it.QRCode;
				PRODUCT_NAME = "$(TARGET_NAME)";
			};
			name = Release;
		};
		29BD24E71C79B74600C51F72 /* Debug */ = {
			isa = XCBuildConfiguration;
			buildSettings = {
				BUNDLE_LOADER = "$(TEST_HOST)";
				INFOPLIST_FILE = QRCodeTests/Info.plist;
				LD_RUNPATH_SEARCH_PATHS = "$(inherited) @executable_path/Frameworks @loader_path/Frameworks";
				PRODUCT_BUNDLE_IDENTIFIER = com.520it.QRCodeTests;
				PRODUCT_NAME = "$(TARGET_NAME)";
				TEST_HOST = "$(BUILT_PRODUCTS_DIR)/QRCode.app/QRCode";
			};
			name = Debug;
		};
		29BD24E81C79B74600C51F72 /* Release */ = {
			isa = XCBuildConfiguration;
			buildSettings = {
				BUNDLE_LOADER = "$(TEST_HOST)";
				INFOPLIST_FILE = QRCodeTests/Info.plist;
				LD_RUNPATH_SEARCH_PATHS = "$(inherited) @executable_path/Frameworks @loader_path/Frameworks";
				PRODUCT_BUNDLE_IDENTIFIER = com.520it.QRCodeTests;
				PRODUCT_NAME = "$(TARGET_NAME)";
				TEST_HOST = "$(BUILT_PRODUCTS_DIR)/QRCode.app/QRCode";
			};
			name = Release;
		};
		29BD24EA1C79B74600C51F72 /* Debug */ = {
			isa = XCBuildConfiguration;
			buildSettings = {
				INFOPLIST_FILE = QRCodeUITests/Info.plist;
				LD_RUNPATH_SEARCH_PATHS = "$(inherited) @executable_path/Frameworks @loader_path/Frameworks";
				PRODUCT_BUNDLE_IDENTIFIER = com.520it.QRCodeUITests;
				PRODUCT_NAME = "$(TARGET_NAME)";
				TEST_TARGET_NAME = QRCode;
				USES_XCTRUNNER = YES;
			};
			name = Debug;
		};
		29BD24EB1C79B74600C51F72 /* Release */ = {
			isa = XCBuildConfiguration;
			buildSettings = {
				INFOPLIST_FILE = QRCodeUITests/Info.plist;
				LD_RUNPATH_SEARCH_PATHS = "$(inherited) @executable_path/Frameworks @loader_path/Frameworks";
				PRODUCT_BUNDLE_IDENTIFIER = com.520it.QRCodeUITests;
				PRODUCT_NAME = "$(TARGET_NAME)";
				TEST_TARGET_NAME = QRCode;
				USES_XCTRUNNER = YES;
			};
			name = Release;
		};
/* End XCBuildConfiguration section */

/* Begin XCConfigurationList section */
		29BD24AE1C79B74500C51F72 /* Build configuration list for PBXProject "QRCode" */ = {
			isa = XCConfigurationList;
			buildConfigurations = (
				29BD24E11C79B74600C51F72 /* Debug */,
				29BD24E21C79B74600C51F72 /* Release */,
			);
			defaultConfigurationIsVisible = 0;
			defaultConfigurationName = Release;
		};
		29BD24E31C79B74600C51F72 /* Build configuration list for PBXNativeTarget "QRCode" */ = {
			isa = XCConfigurationList;
			buildConfigurations = (
				29BD24E41C79B74600C51F72 /* Debug */,
				29BD24E51C79B74600C51F72 /* Release */,
			);
			defaultConfigurationIsVisible = 0;
		};
		29BD24E61C79B74600C51F72 /* Build configuration list for PBXNativeTarget "QRCodeTests" */ = {
			isa = XCConfigurationList;
			buildConfigurations = (
				29BD24E71C79B74600C51F72 /* Debug */,
				29BD24E81C79B74600C51F72 /* Release */,
			);
			defaultConfigurationIsVisible = 0;
		};
		29BD24E91C79B74600C51F72 /* Build configuration list for PBXNativeTarget "QRCodeUITests" */ = {
			isa = XCConfigurationList;
			buildConfigurations = (
				29BD24EA1C79B74600C51F72 /* Debug */,
				29BD24EB1C79B74600C51F72 /* Release */,
			);
			defaultConfigurationIsVisible = 0;
		};
/* End XCConfigurationList section */

/* Begin XCVersionGroup section */
		29BD24C21C79B74500C51F72 /* QRCode.xcdatamodeld */ = {
			isa = XCVersionGroup;
			children = (
				29BD24C31C79B74500C51F72 /* QRCode.xcdatamodel */,
			);
			currentVersion = 29BD24C31C79B74500C51F72 /* QRCode.xcdatamodel */;
			path = QRCode.xcdatamodeld;
			sourceTree = "<group>";
			versionGroupType = wrapper.xcdatamodel;
		};
/* End XCVersionGroup section */
	};
	rootObject = 29BD24AB1C79B74500C51F72 /* Project object */;
}
